// !$*UTF8*$!
{
	archiveVersion = 1;
	classes = {
	};
	objectVersion = 56;
	objects = {

/* Begin PBXBuildFile section */
		0B7708A02AC188EC00D50165 /* SongCardView.swift in Sources */ = {isa = PBXBuildFile; fileRef = 0B77089F2AC188EC00D50165 /* SongCardView.swift */; };
		0B7708A52AC1903D00D50165 /* NetworkManager.swift in Sources */ = {isa = PBXBuildFile; fileRef = 0B7708A42AC1903D00D50165 /* NetworkManager.swift */; };
		0B7F764B2ABAF65F009FBCE2 /* MusicPlayerApp.swift in Sources */ = {isa = PBXBuildFile; fileRef = 0B7F764A2ABAF65F009FBCE2 /* MusicPlayerApp.swift */; };
		0B7F764D2ABAF65F009FBCE2 /* SearchList.swift in Sources */ = {isa = PBXBuildFile; fileRef = 0B7F764C2ABAF65F009FBCE2 /* SearchList.swift */; };
		0B7F764F2ABAF663009FBCE2 /* Assets.xcassets in Resources */ = {isa = PBXBuildFile; fileRef = 0B7F764E2ABAF663009FBCE2 /* Assets.xcassets */; };
		0B7F76522ABAF663009FBCE2 /* Preview Assets.xcassets in Resources */ = {isa = PBXBuildFile; fileRef = 0B7F76512ABAF663009FBCE2 /* Preview Assets.xcassets */; };
		0B7F76592ABB1C4B009FBCE2 /* PlayerView.swift in Sources */ = {isa = PBXBuildFile; fileRef = 0B7F76582ABB1C4B009FBCE2 /* PlayerView.swift */; };
		0B8707042AC4F11700CB1436 /* LiveActivityAttributes.swift in Sources */ = {isa = PBXBuildFile; fileRef = 0B8707032AC4F11700CB1436 /* LiveActivityAttributes.swift */; };
		0B8707082AC4F5F500CB1436 /* Text.swift in Sources */ = {isa = PBXBuildFile; fileRef = 0B8707072AC4F5F500CB1436 /* Text.swift */; };
		0B95351E2AC2B43B00775486 /* SongViewModel.swift in Sources */ = {isa = PBXBuildFile; fileRef = 0B95351D2AC2B43B00775486 /* SongViewModel.swift */; };
		0B9535212AC2B4B900775486 /* SongList.swift in Sources */ = {isa = PBXBuildFile; fileRef = 0B9535202AC2B4B900775486 /* SongList.swift */; };
		0B9535232AC2B53400775486 /* Song.swift in Sources */ = {isa = PBXBuildFile; fileRef = 0B9535222AC2B53400775486 /* Song.swift */; };
		0BA20B342AC35AFC00242BD5 /* AudioPlayer.swift in Sources */ = {isa = PBXBuildFile; fileRef = 0BA20B332AC35AFC00242BD5 /* AudioPlayer.swift */; };
/* End PBXBuildFile section */

/* Begin PBXCopyFilesBuildPhase section */
		0B8707022AC4F0B100CB1436 /* Embed Foundation Extensions */ = {
			isa = PBXCopyFilesBuildPhase;
			buildActionMask = 2147483647;
			dstPath = "";
			dstSubfolderSpec = 13;
			files = (
			);
			name = "Embed Foundation Extensions";
			runOnlyForDeploymentPostprocessing = 0;
		};
/* End PBXCopyFilesBuildPhase section */

/* Begin PBXFileReference section */
		0B77089F2AC188EC00D50165 /* SongCardView.swift */ = {isa = PBXFileReference; lastKnownFileType = sourcecode.swift; path = SongCardView.swift; sourceTree = "<group>"; };
		0B7708A42AC1903D00D50165 /* NetworkManager.swift */ = {isa = PBXFileReference; lastKnownFileType = sourcecode.swift; path = NetworkManager.swift; sourceTree = "<group>"; };
		0B7F76472ABAF65F009FBCE2 /* MusicPlayer.app */ = {isa = PBXFileReference; explicitFileType = wrapper.application; includeInIndex = 0; path = MusicPlayer.app; sourceTree = BUILT_PRODUCTS_DIR; };
		0B7F764A2ABAF65F009FBCE2 /* MusicPlayerApp.swift */ = {isa = PBXFileReference; lastKnownFileType = sourcecode.swift; path = MusicPlayerApp.swift; sourceTree = "<group>"; };
		0B7F764C2ABAF65F009FBCE2 /* SearchList.swift */ = {isa = PBXFileReference; lastKnownFileType = sourcecode.swift; path = SearchList.swift; sourceTree = "<group>"; };
		0B7F764E2ABAF663009FBCE2 /* Assets.xcassets */ = {isa = PBXFileReference; lastKnownFileType = folder.assetcatalog; path = Assets.xcassets; sourceTree = "<group>"; };
		0B7F76512ABAF663009FBCE2 /* Preview Assets.xcassets */ = {isa = PBXFileReference; lastKnownFileType = folder.assetcatalog; path = "Preview Assets.xcassets"; sourceTree = "<group>"; };
		0B7F76582ABB1C4B009FBCE2 /* PlayerView.swift */ = {isa = PBXFileReference; lastKnownFileType = sourcecode.swift; path = PlayerView.swift; sourceTree = "<group>"; };
		0B8706ED2AC4F0AD00CB1436 /* SwiftUI.framework */ = {isa = PBXFileReference; lastKnownFileType = wrapper.framework; name = SwiftUI.framework; path = System/Library/Frameworks/SwiftUI.framework; sourceTree = SDKROOT; };
		0B8707032AC4F11700CB1436 /* LiveActivityAttributes.swift */ = {isa = PBXFileReference; lastKnownFileType = sourcecode.swift; path = LiveActivityAttributes.swift; sourceTree = "<group>"; };
		0B8707072AC4F5F500CB1436 /* Text.swift */ = {isa = PBXFileReference; lastKnownFileType = sourcecode.swift; path = Text.swift; sourceTree = "<group>"; };
		0B95351D2AC2B43B00775486 /* SongViewModel.swift */ = {isa = PBXFileReference; lastKnownFileType = sourcecode.swift; path = SongViewModel.swift; sourceTree = "<group>"; };
		0B9535202AC2B4B900775486 /* SongList.swift */ = {isa = PBXFileReference; lastKnownFileType = sourcecode.swift; path = SongList.swift; sourceTree = "<group>"; };
		0B9535222AC2B53400775486 /* Song.swift */ = {isa = PBXFileReference; lastKnownFileType = sourcecode.swift; path = Song.swift; sourceTree = "<group>"; };
		0BA20B332AC35AFC00242BD5 /* AudioPlayer.swift */ = {isa = PBXFileReference; lastKnownFileType = sourcecode.swift; path = AudioPlayer.swift; sourceTree = "<group>"; };
/* End PBXFileReference section */

/* Begin PBXFrameworksBuildPhase section */
		0B7F76442ABAF65F009FBCE2 /* Frameworks */ = {
			isa = PBXFrameworksBuildPhase;
			buildActionMask = 2147483647;
			files = (
			);
			runOnlyForDeploymentPostprocessing = 0;
		};
/* End PBXFrameworksBuildPhase section */

/* Begin PBXGroup section */
		0B77089E2AC187D400D50165 /* Views */ = {
			isa = PBXGroup;
			children = (
				0B7F764C2ABAF65F009FBCE2 /* SearchList.swift */,
				0B7F76582ABB1C4B009FBCE2 /* PlayerView.swift */,
				0B77089F2AC188EC00D50165 /* SongCardView.swift */,
			);
			path = Views;
			sourceTree = "<group>";
		};
		0B7708A32AC18FCD00D50165 /* Service */ = {
			isa = PBXGroup;
			children = (
				0B7708A42AC1903D00D50165 /* NetworkManager.swift */,
				0B8707032AC4F11700CB1436 /* LiveActivityAttributes.swift */,
			);
			path = Service;
			sourceTree = "<group>";
		};
		0B7F763E2ABAF65E009FBCE2 = {
			isa = PBXGroup;
			children = (
				0B7F76492ABAF65F009FBCE2 /* MusicPlayer */,
				0B8706EA2AC4F0AD00CB1436 /* Frameworks */,
				0B7F76482ABAF65F009FBCE2 /* Products */,
			);
			sourceTree = "<group>";
		};
		0B7F76482ABAF65F009FBCE2 /* Products */ = {
			isa = PBXGroup;
			children = (
				0B7F76472ABAF65F009FBCE2 /* MusicPlayer.app */,
			);
			name = Products;
			sourceTree = "<group>";
		};
		0B7F76492ABAF65F009FBCE2 /* MusicPlayer */ = {
			isa = PBXGroup;
			children = (
				0B7F764A2ABAF65F009FBCE2 /* MusicPlayerApp.swift */,
				0B8707062AC4F5B600CB1436 /* Extensions */,
				0B95351F2AC2B49C00775486 /* Model */,
				0B95351C2AC2B40600775486 /* ViewModels */,
				0B7708A32AC18FCD00D50165 /* Service */,
				0B77089E2AC187D400D50165 /* Views */,
				0B7F764E2ABAF663009FBCE2 /* Assets.xcassets */,
				0B7F76502ABAF663009FBCE2 /* Preview Content */,
			);
			path = MusicPlayer;
			sourceTree = "<group>";
		};
		0B7F76502ABAF663009FBCE2 /* Preview Content */ = {
			isa = PBXGroup;
			children = (
				0B7F76512ABAF663009FBCE2 /* Preview Assets.xcassets */,
			);
			path = "Preview Content";
			sourceTree = "<group>";
		};
		0B8706EA2AC4F0AD00CB1436 /* Frameworks */ = {
			isa = PBXGroup;
			children = (
				0B8706ED2AC4F0AD00CB1436 /* SwiftUI.framework */,
			);
			name = Frameworks;
			sourceTree = "<group>";
		};
		0B8707062AC4F5B600CB1436 /* Extensions */ = {
			isa = PBXGroup;
			children = (
				0B8707072AC4F5F500CB1436 /* Text.swift */,
			);
			path = Extensions;
			sourceTree = "<group>";
		};
		0B95351C2AC2B40600775486 /* ViewModels */ = {
			isa = PBXGroup;
			children = (
				0B95351D2AC2B43B00775486 /* SongViewModel.swift */,
				0BA20B332AC35AFC00242BD5 /* AudioPlayer.swift */,
			);
			path = ViewModels;
			sourceTree = "<group>";
		};
		0B95351F2AC2B49C00775486 /* Model */ = {
			isa = PBXGroup;
			children = (
				0B9535202AC2B4B900775486 /* SongList.swift */,
				0B9535222AC2B53400775486 /* Song.swift */,
			);
			path = Model;
			sourceTree = "<group>";
		};
/* End PBXGroup section */

/* Begin PBXNativeTarget section */
		0B7F76462ABAF65F009FBCE2 /* MusicPlayer */ = {
			isa = PBXNativeTarget;
			buildConfigurationList = 0B7F76552ABAF663009FBCE2 /* Build configuration list for PBXNativeTarget "MusicPlayer" */;
			buildPhases = (
				0B7F76432ABAF65F009FBCE2 /* Sources */,
				0B7F76442ABAF65F009FBCE2 /* Frameworks */,
				0B7F76452ABAF65F009FBCE2 /* Resources */,
				0B8707022AC4F0B100CB1436 /* Embed Foundation Extensions */,
			);
			buildRules = (
			);
			dependencies = (
			);
			name = MusicPlayer;
			productName = MusicPlayer;
			productReference = 0B7F76472ABAF65F009FBCE2 /* MusicPlayer.app */;
			productType = "com.apple.product-type.application";
		};
/* End PBXNativeTarget section */

/* Begin PBXProject section */
		0B7F763F2ABAF65E009FBCE2 /* Project object */ = {
			isa = PBXProject;
			attributes = {
				BuildIndependentTargetsInParallel = 1;
				LastSwiftUpdateCheck = 1430;
				LastUpgradeCheck = 1430;
				TargetAttributes = {
					0B7F76462ABAF65F009FBCE2 = {
						CreatedOnToolsVersion = 14.3.1;
					};
				};
			};
			buildConfigurationList = 0B7F76422ABAF65F009FBCE2 /* Build configuration list for PBXProject "MusicPlayer" */;
			compatibilityVersion = "Xcode 14.0";
			developmentRegion = en;
			hasScannedForEncodings = 0;
			knownRegions = (
				en,
				Base,
			);
			mainGroup = 0B7F763E2ABAF65E009FBCE2;
			productRefGroup = 0B7F76482ABAF65F009FBCE2 /* Products */;
			projectDirPath = "";
			projectRoot = "";
			targets = (
				0B7F76462ABAF65F009FBCE2 /* MusicPlayer */,
			);
		};
/* End PBXProject section */

/* Begin PBXResourcesBuildPhase section */
		0B7F76452ABAF65F009FBCE2 /* Resources */ = {
			isa = PBXResourcesBuildPhase;
			buildActionMask = 2147483647;
			files = (
				0B7F76522ABAF663009FBCE2 /* Preview Assets.xcassets in Resources */,
				0B7F764F2ABAF663009FBCE2 /* Assets.xcassets in Resources */,
			);
			runOnlyForDeploymentPostprocessing = 0;
		};
/* End PBXResourcesBuildPhase section */

/* Begin PBXSourcesBuildPhase section */
		0B7F76432ABAF65F009FBCE2 /* Sources */ = {
			isa = PBXSourcesBuildPhase;
			buildActionMask = 2147483647;
			files = (
				0B9535232AC2B53400775486 /* Song.swift in Sources */,
				0B95351E2AC2B43B00775486 /* SongViewModel.swift in Sources */,
				0B7708A52AC1903D00D50165 /* NetworkManager.swift in Sources */,
				0B7F76592ABB1C4B009FBCE2 /* PlayerView.swift in Sources */,
				0B9535212AC2B4B900775486 /* SongList.swift in Sources */,
				0B7708A02AC188EC00D50165 /* SongCardView.swift in Sources */,
				0BA20B342AC35AFC00242BD5 /* AudioPlayer.swift in Sources */,
				0B7F764D2ABAF65F009FBCE2 /* SearchList.swift in Sources */,
				0B7F764B2ABAF65F009FBCE2 /* MusicPlayerApp.swift in Sources */,
				0B8707082AC4F5F500CB1436 /* Text.swift in Sources */,
				0B8707042AC4F11700CB1436 /* LiveActivityAttributes.swift in Sources */,
			);
			runOnlyForDeploymentPostprocessing = 0;
		};
/* End PBXSourcesBuildPhase section */

/* Begin XCBuildConfiguration section */
		0B7F76532ABAF663009FBCE2 /* Debug */ = {
			isa = XCBuildConfiguration;
			buildSettings = {
				ALWAYS_SEARCH_USER_PATHS = NO;
				CLANG_ANALYZER_NONNULL = YES;
				CLANG_ANALYZER_NUMBER_OBJECT_CONVERSION = YES_AGGRESSIVE;
				CLANG_CXX_LANGUAGE_STANDARD = "gnu++20";
				CLANG_ENABLE_MODULES = YES;
				CLANG_ENABLE_OBJC_ARC = YES;
				CLANG_ENABLE_OBJC_WEAK = YES;
				CLANG_WARN_BLOCK_CAPTURE_AUTORELEASING = YES;
				CLANG_WARN_BOOL_CONVERSION = YES;
				CLANG_WARN_COMMA = YES;
				CLANG_WARN_CONSTANT_CONVERSION = YES;
				CLANG_WARN_DEPRECATED_OBJC_IMPLEMENTATIONS = YES;
				CLANG_WARN_DIRECT_OBJC_ISA_USAGE = YES_ERROR;
				CLANG_WARN_DOCUMENTATION_COMMENTS = YES;
				CLANG_WARN_EMPTY_BODY = YES;
				CLANG_WARN_ENUM_CONVERSION = YES;
				CLANG_WARN_INFINITE_RECURSION = YES;
				CLANG_WARN_INT_CONVERSION = YES;
				CLANG_WARN_NON_LITERAL_NULL_CONVERSION = YES;
				CLANG_WARN_OBJC_IMPLICIT_RETAIN_SELF = YES;
				CLANG_WARN_OBJC_LITERAL_CONVERSION = YES;
				CLANG_WARN_OBJC_ROOT_CLASS = YES_ERROR;
				CLANG_WARN_QUOTED_INCLUDE_IN_FRAMEWORK_HEADER = YES;
				CLANG_WARN_RANGE_LOOP_ANALYSIS = YES;
				CLANG_WARN_STRICT_PROTOTYPES = YES;
				CLANG_WARN_SUSPICIOUS_MOVE = YES;
				CLANG_WARN_UNGUARDED_AVAILABILITY = YES_AGGRESSIVE;
				CLANG_WARN_UNREACHABLE_CODE = YES;
				CLANG_WARN__DUPLICATE_METHOD_MATCH = YES;
				COPY_PHASE_STRIP = NO;
				DEBUG_INFORMATION_FORMAT = dwarf;
				ENABLE_STRICT_OBJC_MSGSEND = YES;
				ENABLE_TESTABILITY = YES;
				GCC_C_LANGUAGE_STANDARD = gnu11;
				GCC_DYNAMIC_NO_PIC = NO;
				GCC_NO_COMMON_BLOCKS = YES;
				GCC_OPTIMIZATION_LEVEL = 0;
				GCC_PREPROCESSOR_DEFINITIONS = (
					"DEBUG=1",
					"$(inherited)",
				);
				GCC_WARN_64_TO_32_BIT_CONVERSION = YES;
				GCC_WARN_ABOUT_RETURN_TYPE = YES_ERROR;
				GCC_WARN_UNDECLARED_SELECTOR = YES;
				GCC_WARN_UNINITIALIZED_AUTOS = YES_AGGRESSIVE;
				GCC_WARN_UNUSED_FUNCTION = YES;
				GCC_WARN_UNUSED_VARIABLE = YES;
				IPHONEOS_DEPLOYMENT_TARGET = 16.4;
				MTL_ENABLE_DEBUG_INFO = INCLUDE_SOURCE;
				MTL_FAST_MATH = YES;
				ONLY_ACTIVE_ARCH = YES;
				SDKROOT = iphoneos;
				SWIFT_ACTIVE_COMPILATION_CONDITIONS = DEBUG;
				SWIFT_OPTIMIZATION_LEVEL = "-Onone";
			};
			name = Debug;
		};
		0B7F76542ABAF663009FBCE2 /* Release */ = {
			isa = XCBuildConfiguration;
			buildSettings = {
				ALWAYS_SEARCH_USER_PATHS = NO;
				CLANG_ANALYZER_NONNULL = YES;
				CLANG_ANALYZER_NUMBER_OBJECT_CONVERSION = YES_AGGRESSIVE;
				CLANG_CXX_LANGUAGE_STANDARD = "gnu++20";
				CLANG_ENABLE_MODULES = YES;
				CLANG_ENABLE_OBJC_ARC = YES;
				CLANG_ENABLE_OBJC_WEAK = YES;
				CLANG_WARN_BLOCK_CAPTURE_AUTORELEASING = YES;
				CLANG_WARN_BOOL_CONVERSION = YES;
				CLANG_WARN_COMMA = YES;
				CLANG_WARN_CONSTANT_CONVERSION = YES;
				CLANG_WARN_DEPRECATED_OBJC_IMPLEMENTATIONS = YES;
				CLANG_WARN_DIRECT_OBJC_ISA_USAGE = YES_ERROR;
				CLANG_WARN_DOCUMENTATION_COMMENTS = YES;
				CLANG_WARN_EMPTY_BODY = YES;
				CLANG_WARN_ENUM_CONVERSION = YES;
				CLANG_WARN_INFINITE_RECURSION = YES;
				CLANG_WARN_INT_CONVERSION = YES;
				CLANG_WARN_NON_LITERAL_NULL_CONVERSION = YES;
				CLANG_WARN_OBJC_IMPLICIT_RETAIN_SELF = YES;
				CLANG_WARN_OBJC_LITERAL_CONVERSION = YES;
				CLANG_WARN_OBJC_ROOT_CLASS = YES_ERROR;
				CLANG_WARN_QUOTED_INCLUDE_IN_FRAMEWORK_HEADER = YES;
				CLANG_WARN_RANGE_LOOP_ANALYSIS = YES;
				CLANG_WARN_STRICT_PROTOTYPES = YES;
				CLANG_WARN_SUSPICIOUS_MOVE = YES;
				CLANG_WARN_UNGUARDED_AVAILABILITY = YES_AGGRESSIVE;
				CLANG_WARN_UNREACHABLE_CODE = YES;
				CLANG_WARN__DUPLICATE_METHOD_MATCH = YES;
				COPY_PHASE_STRIP = NO;
				DEBUG_INFORMATION_FORMAT = "dwarf-with-dsym";
				ENABLE_NS_ASSERTIONS = NO;
				ENABLE_STRICT_OBJC_MSGSEND = YES;
				GCC_C_LANGUAGE_STANDARD = gnu11;
				GCC_NO_COMMON_BLOCKS = YES;
				GCC_WARN_64_TO_32_BIT_CONVERSION = YES;
				GCC_WARN_ABOUT_RETURN_TYPE = YES_ERROR;
				GCC_WARN_UNDECLARED_SELECTOR = YES;
				GCC_WARN_UNINITIALIZED_AUTOS = YES_AGGRESSIVE;
				GCC_WARN_UNUSED_FUNCTION = YES;
				GCC_WARN_UNUSED_VARIABLE = YES;
				IPHONEOS_DEPLOYMENT_TARGET = 16.4;
				MTL_ENABLE_DEBUG_INFO = NO;
				MTL_FAST_MATH = YES;
				SDKROOT = iphoneos;
				SWIFT_COMPILATION_MODE = wholemodule;
				SWIFT_OPTIMIZATION_LEVEL = "-O";
				VALIDATE_PRODUCT = YES;
			};
			name = Release;
		};
		0B7F76562ABAF663009FBCE2 /* Debug */ = {
			isa = XCBuildConfiguration;
			buildSettings = {
				ALWAYS_EMBED_SWIFT_STANDARD_LIBRARIES = YES;
				ASSETCATALOG_COMPILER_APPICON_NAME = AppIcon;
				ASSETCATALOG_COMPILER_GLOBAL_ACCENT_COLOR_NAME = AccentColor;
				CODE_SIGN_STYLE = Automatic;
				CURRENT_PROJECT_VERSION = 1;
				DEVELOPMENT_ASSET_PATHS = "\"MusicPlayer/Preview Content\"";
				DEVELOPMENT_TEAM = W7V846WLMV;
				ENABLE_PREVIEWS = YES;
				GENERATE_INFOPLIST_FILE = YES;
				INFOPLIST_KEY_NSSupportsLiveActivities = YES;
				INFOPLIST_KEY_UIApplicationSceneManifest_Generation = YES;
				INFOPLIST_KEY_UIApplicationSupportsIndirectInputEvents = YES;
				INFOPLIST_KEY_UILaunchScreen_Generation = YES;
				INFOPLIST_KEY_UISupportedInterfaceOrientations_iPad = "UIInterfaceOrientationPortrait UIInterfaceOrientationPortraitUpsideDown UIInterfaceOrientationLandscapeLeft UIInterfaceOrientationLandscapeRight";
				INFOPLIST_KEY_UISupportedInterfaceOrientations_iPhone = "UIInterfaceOrientationPortrait UIInterfaceOrientationLandscapeLeft UIInterfaceOrientationLandscapeRight";
				LD_RUNPATH_SEARCH_PATHS = (
					"$(inherited)",
					"@executable_path/Frameworks",
				);
				MARKETING_VERSION = 1.0;
				PRODUCT_BUNDLE_IDENTIFIER = "com.nik-gribok.MusicPlayer";
				PRODUCT_NAME = "$(TARGET_NAME)";
				SWIFT_EMIT_LOC_STRINGS = YES;
				SWIFT_VERSION = 5.0;
				TARGETED_DEVICE_FAMILY = "1,2";
			};
			name = Debug;
		};
		0B7F76572ABAF663009FBCE2 /* Release */ = {
			isa = XCBuildConfiguration;
			buildSettings = {
				ALWAYS_EMBED_SWIFT_STANDARD_LIBRARIES = YES;
				ASSETCATALOG_COMPILER_APPICON_NAME = AppIcon;
				ASSETCATALOG_COMPILER_GLOBAL_ACCENT_COLOR_NAME = AccentColor;
				CODE_SIGN_STYLE = Automatic;
				CURRENT_PROJECT_VERSION = 1;
				DEVELOPMENT_ASSET_PATHS = "\"MusicPlayer/Preview Content\"";
				DEVELOPMENT_TEAM = W7V846WLMV;
				ENABLE_PREVIEWS = YES;
				GENERATE_INFOPLIST_FILE = YES;
				INFOPLIST_KEY_NSSupportsLiveActivities = YES;
				INFOPLIST_KEY_UIApplicationSceneManifest_Generation = YES;
				INFOPLIST_KEY_UIApplicationSupportsIndirectInputEvents = YES;
				INFOPLIST_KEY_UILaunchScreen_Generation = YES;
				INFOPLIST_KEY_UISupportedInterfaceOrientations_iPad = "UIInterfaceOrientationPortrait UIInterfaceOrientationPortraitUpsideDown UIInterfaceOrientationLandscapeLeft UIInterfaceOrientationLandscapeRight";
				INFOPLIST_KEY_UISupportedInterfaceOrientations_iPhone = "UIInterfaceOrientationPortrait UIInterfaceOrientationLandscapeLeft UIInterfaceOrientationLandscapeRight";
				LD_RUNPATH_SEARCH_PATHS = (
					"$(inherited)",
					"@executable_path/Frameworks",
				);
				MARKETING_VERSION = 1.0;
				PRODUCT_BUNDLE_IDENTIFIER = "com.nik-gribok.MusicPlayer";
				PRODUCT_NAME = "$(TARGET_NAME)";
				SWIFT_EMIT_LOC_STRINGS = YES;
				SWIFT_VERSION = 5.0;
				TARGETED_DEVICE_FAMILY = "1,2";
			};
			name = Release;
		};
/* End XCBuildConfiguration section */

/* Begin XCConfigurationList section */
		0B7F76422ABAF65F009FBCE2 /* Build configuration list for PBXProject "MusicPlayer" */ = {
			isa = XCConfigurationList;
			buildConfigurations = (
				0B7F76532ABAF663009FBCE2 /* Debug */,
				0B7F76542ABAF663009FBCE2 /* Release */,
			);
			defaultConfigurationIsVisible = 0;
			defaultConfigurationName = Release;
		};
		0B7F76552ABAF663009FBCE2 /* Build configuration list for PBXNativeTarget "MusicPlayer" */ = {
			isa = XCConfigurationList;
			buildConfigurations = (
				0B7F76562ABAF663009FBCE2 /* Debug */,
				0B7F76572ABAF663009FBCE2 /* Release */,
			);
			defaultConfigurationIsVisible = 0;
			defaultConfigurationName = Release;
		};
/* End XCConfigurationList section */
	};
	rootObject = 0B7F763F2ABAF65E009FBCE2 /* Project object */;
}
